// !$*UTF8*$!
{
	archiveVersion = 1;
	classes = {
	};
	objectVersion = 48;
	objects = {

/* Begin PBXBuildFile section */
		830E1740201BAD3D00EC4E65 /* CameraViewController.swift in Sources */ = {isa = PBXBuildFile; fileRef = 830E173F201BAD3D00EC4E65 /* CameraViewController.swift */; };
		83317741202262CF00BE5310 /* ImagePixelReader.swift in Sources */ = {isa = PBXBuildFile; fileRef = 83317740202262CF00BE5310 /* ImagePixelReader.swift */; };
		8343F613200AC5A7008CC2B1 /* PixelTargetView.swift in Sources */ = {isa = PBXBuildFile; fileRef = 8343F612200AC5A7008CC2B1 /* PixelTargetView.swift */; };
		8344589E2005589900280BE9 /* SettingsTableViewController.swift in Sources */ = {isa = PBXBuildFile; fileRef = 8344589D2005589900280BE9 /* SettingsTableViewController.swift */; };
		83455DA220128431008BADE2 /* CGFloat+HexValue.swift in Sources */ = {isa = PBXBuildFile; fileRef = 83455DA120128431008BADE2 /* CGFloat+HexValue.swift */; };
		8363241F2011931F00892F01 /* UIImage+Orientation.swift in Sources */ = {isa = PBXBuildFile; fileRef = 8363241E2011931F00892F01 /* UIImage+Orientation.swift */; };
		838E5A1F2003FC0A002098E1 /* AppDelegate.swift in Sources */ = {isa = PBXBuildFile; fileRef = 838E5A1E2003FC0A002098E1 /* AppDelegate.swift */; };
		838E5A212003FC0A002098E1 /* ColorFinderViewController.swift in Sources */ = {isa = PBXBuildFile; fileRef = 838E5A202003FC0A002098E1 /* ColorFinderViewController.swift */; };
		838E5A242003FC0A002098E1 /* Main.storyboard in Resources */ = {isa = PBXBuildFile; fileRef = 838E5A222003FC0A002098E1 /* Main.storyboard */; };
		838E5A262003FC0A002098E1 /* Assets.xcassets in Resources */ = {isa = PBXBuildFile; fileRef = 838E5A252003FC0A002098E1 /* Assets.xcassets */; };
		838E5A292003FC0A002098E1 /* LaunchScreen.storyboard in Resources */ = {isa = PBXBuildFile; fileRef = 838E5A272003FC0A002098E1 /* LaunchScreen.storyboard */; };
		83CF0800202A46EB00E1B21E /* String+Properties.swift in Sources */ = {isa = PBXBuildFile; fileRef = 83CF07FF202A46EB00E1B21E /* String+Properties.swift */; };
		83CF0804202BC6DF00E1B21E /* HexColor.swift in Sources */ = {isa = PBXBuildFile; fileRef = 83CF0803202BC6DF00E1B21E /* HexColor.swift */; };
		83D7FEB1200531F70086DB22 /* ImageViewController.swift in Sources */ = {isa = PBXBuildFile; fileRef = 83D7FEB0200531F70086DB22 /* ImageViewController.swift */; };
		FA3528279F45FA7B6A922AE1 /* Pods_Color_Finder.framework in Frameworks */ = {isa = PBXBuildFile; fileRef = 708A1339E74B3CC913E68D82 /* Pods_Color_Finder.framework */; };
/* End PBXBuildFile section */

/* Begin PBXFileReference section */
		463C3D5554747C357ACFBD08 /* Pods-Color Finder.release.xcconfig */ = {isa = PBXFileReference; includeInIndex = 1; lastKnownFileType = text.xcconfig; name = "Pods-Color Finder.release.xcconfig"; path = "Pods/Target Support Files/Pods-Color Finder/Pods-Color Finder.release.xcconfig"; sourceTree = "<group>"; };
		708A1339E74B3CC913E68D82 /* Pods_Color_Finder.framework */ = {isa = PBXFileReference; explicitFileType = wrapper.framework; includeInIndex = 0; path = Pods_Color_Finder.framework; sourceTree = BUILT_PRODUCTS_DIR; };
		830E173F201BAD3D00EC4E65 /* CameraViewController.swift */ = {isa = PBXFileReference; lastKnownFileType = sourcecode.swift; path = CameraViewController.swift; sourceTree = "<group>"; };
		83317740202262CF00BE5310 /* ImagePixelReader.swift */ = {isa = PBXFileReference; lastKnownFileType = sourcecode.swift; path = ImagePixelReader.swift; sourceTree = "<group>"; };
		8343F612200AC5A7008CC2B1 /* PixelTargetView.swift */ = {isa = PBXFileReference; lastKnownFileType = sourcecode.swift; path = PixelTargetView.swift; sourceTree = "<group>"; };
		8344589D2005589900280BE9 /* SettingsTableViewController.swift */ = {isa = PBXFileReference; lastKnownFileType = sourcecode.swift; path = SettingsTableViewController.swift; sourceTree = "<group>"; };
		83455DA120128431008BADE2 /* CGFloat+HexValue.swift */ = {isa = PBXFileReference; lastKnownFileType = sourcecode.swift; path = "CGFloat+HexValue.swift"; sourceTree = "<group>"; };
		8363241E2011931F00892F01 /* UIImage+Orientation.swift */ = {isa = PBXFileReference; lastKnownFileType = sourcecode.swift; path = "UIImage+Orientation.swift"; sourceTree = "<group>"; };
		838E5A1B2003FC0A002098E1 /* Color Finder.app */ = {isa = PBXFileReference; explicitFileType = wrapper.application; includeInIndex = 0; path = "Color Finder.app"; sourceTree = BUILT_PRODUCTS_DIR; };
		838E5A1E2003FC0A002098E1 /* AppDelegate.swift */ = {isa = PBXFileReference; lastKnownFileType = sourcecode.swift; path = AppDelegate.swift; sourceTree = "<group>"; };
		838E5A202003FC0A002098E1 /* ColorFinderViewController.swift */ = {isa = PBXFileReference; lastKnownFileType = sourcecode.swift; path = ColorFinderViewController.swift; sourceTree = "<group>"; };
		838E5A232003FC0A002098E1 /* Base */ = {isa = PBXFileReference; lastKnownFileType = file.storyboard; name = Base; path = Base.lproj/Main.storyboard; sourceTree = "<group>"; };
		838E5A252003FC0A002098E1 /* Assets.xcassets */ = {isa = PBXFileReference; lastKnownFileType = folder.assetcatalog; path = Assets.xcassets; sourceTree = "<group>"; };
		838E5A282003FC0A002098E1 /* Base */ = {isa = PBXFileReference; lastKnownFileType = file.storyboard; name = Base; path = Base.lproj/LaunchScreen.storyboard; sourceTree = "<group>"; };
		838E5A2A2003FC0A002098E1 /* Info.plist */ = {isa = PBXFileReference; lastKnownFileType = text.plist.xml; path = Info.plist; sourceTree = "<group>"; };
		83CF07FF202A46EB00E1B21E /* String+Properties.swift */ = {isa = PBXFileReference; lastKnownFileType = sourcecode.swift; path = "String+Properties.swift"; sourceTree = "<group>"; };
		83CF0803202BC6DF00E1B21E /* HexColor.swift */ = {isa = PBXFileReference; lastKnownFileType = sourcecode.swift; path = HexColor.swift; sourceTree = "<group>"; };
		83D7FEB0200531F70086DB22 /* ImageViewController.swift */ = {isa = PBXFileReference; lastKnownFileType = sourcecode.swift; path = ImageViewController.swift; sourceTree = "<group>"; };
		A9C314F44CC9508CB6D1F82F /* Pods-Color Finder.debug.xcconfig */ = {isa = PBXFileReference; includeInIndex = 1; lastKnownFileType = text.xcconfig; name = "Pods-Color Finder.debug.xcconfig"; path = "Pods/Target Support Files/Pods-Color Finder/Pods-Color Finder.debug.xcconfig"; sourceTree = "<group>"; };
/* End PBXFileReference section */

/* Begin PBXFrameworksBuildPhase section */
		838E5A182003FC0A002098E1 /* Frameworks */ = {
			isa = PBXFrameworksBuildPhase;
			buildActionMask = 2147483647;
			files = (
				FA3528279F45FA7B6A922AE1 /* Pods_Color_Finder.framework in Frameworks */,
			);
			runOnlyForDeploymentPostprocessing = 0;
		};
/* End PBXFrameworksBuildPhase section */

/* Begin PBXGroup section */
		0BB723CB17D4482654A1A61E /* Pods */ = {
			isa = PBXGroup;
			children = (
				A9C314F44CC9508CB6D1F82F /* Pods-Color Finder.debug.xcconfig */,
				463C3D5554747C357ACFBD08 /* Pods-Color Finder.release.xcconfig */,
			);
			name = Pods;
			sourceTree = "<group>";
		};
		83317742202262D600BE5310 /* Model */ = {
			isa = PBXGroup;
			children = (
				83CF0803202BC6DF00E1B21E /* HexColor.swift */,
				83317740202262CF00BE5310 /* ImagePixelReader.swift */,
			);
			path = Model;
			sourceTree = "<group>";
		};
		83455DA320128454008BADE2 /* Extensions */ = {
			isa = PBXGroup;
			children = (
				83CF07FF202A46EB00E1B21E /* String+Properties.swift */,
				8363241E2011931F00892F01 /* UIImage+Orientation.swift */,
				83455DA120128431008BADE2 /* CGFloat+HexValue.swift */,
			);
			path = Extensions;
			sourceTree = "<group>";
		};
		83455DA420128460008BADE2 /* View Controllers */ = {
			isa = PBXGroup;
			children = (
				838E5A202003FC0A002098E1 /* ColorFinderViewController.swift */,
				83D7FEB0200531F70086DB22 /* ImageViewController.swift */,
				830E173F201BAD3D00EC4E65 /* CameraViewController.swift */,
				8344589D2005589900280BE9 /* SettingsTableViewController.swift */,
			);
			path = "View Controllers";
			sourceTree = "<group>";
		};
		838E5A122003FC0A002098E1 = {
			isa = PBXGroup;
			children = (
				838E5A1D2003FC0A002098E1 /* Color Finder */,
				838E5A1C2003FC0A002098E1 /* Products */,
				0BB723CB17D4482654A1A61E /* Pods */,
				9EF75C6A2382BD80D88F012F /* Frameworks */,
			);
			sourceTree = "<group>";
		};
		838E5A1C2003FC0A002098E1 /* Products */ = {
			isa = PBXGroup;
			children = (
				838E5A1B2003FC0A002098E1 /* Color Finder.app */,
			);
			name = Products;
			sourceTree = "<group>";
		};
		838E5A1D2003FC0A002098E1 /* Color Finder */ = {
			isa = PBXGroup;
			children = (
				838E5A222003FC0A002098E1 /* Main.storyboard */,
				8343F612200AC5A7008CC2B1 /* PixelTargetView.swift */,
				83455DA420128460008BADE2 /* View Controllers */,
				83317742202262D600BE5310 /* Model */,
				83455DA320128454008BADE2 /* Extensions */,
				838E5A302003FC17002098E1 /* Supporting Files */,
				838E5A2A2003FC0A002098E1 /* Info.plist */,
			);
			path = "Color Finder";
			sourceTree = "<group>";
		};
		838E5A302003FC17002098E1 /* Supporting Files */ = {
			isa = PBXGroup;
			children = (
				838E5A1E2003FC0A002098E1 /* AppDelegate.swift */,
				838E5A252003FC0A002098E1 /* Assets.xcassets */,
				838E5A272003FC0A002098E1 /* LaunchScreen.storyboard */,
			);
			path = "Supporting Files";
			sourceTree = "<group>";
		};
		9EF75C6A2382BD80D88F012F /* Frameworks */ = {
			isa = PBXGroup;
			children = (
				708A1339E74B3CC913E68D82 /* Pods_Color_Finder.framework */,
			);
			name = Frameworks;
			sourceTree = "<group>";
		};
/* End PBXGroup section */

/* Begin PBXNativeTarget section */
		838E5A1A2003FC0A002098E1 /* Color Finder */ = {
			isa = PBXNativeTarget;
			buildConfigurationList = 838E5A2D2003FC0A002098E1 /* Build configuration list for PBXNativeTarget "Color Finder" */;
			buildPhases = (
				DFB146F357C9B395D206CE14 /* [CP] Check Pods Manifest.lock */,
				838E5A172003FC0A002098E1 /* Sources */,
				838E5A182003FC0A002098E1 /* Frameworks */,
				838E5A192003FC0A002098E1 /* Resources */,
				4396EAF4576D5B22A2862188 /* [CP] Embed Pods Frameworks */,
				96A8F1E77EB1769ECB433BC8 /* [CP] Copy Pods Resources */,
			);
			buildRules = (
			);
			dependencies = (
			);
			name = "Color Finder";
			productName = "Color Picker";
			productReference = 838E5A1B2003FC0A002098E1 /* Color Finder.app */;
			productType = "com.apple.product-type.application";
		};
/* End PBXNativeTarget section */

/* Begin PBXProject section */
		838E5A132003FC0A002098E1 /* Project object */ = {
			isa = PBXProject;
			attributes = {
				LastSwiftUpdateCheck = 0920;
				LastUpgradeCheck = 0930;
				ORGANIZATIONNAME = "Chris Gray";
				TargetAttributes = {
					838E5A1A2003FC0A002098E1 = {
						CreatedOnToolsVersion = 9.2;
						ProvisioningStyle = Automatic;
					};
				};
			};
			buildConfigurationList = 838E5A162003FC0A002098E1 /* Build configuration list for PBXProject "Color Finder" */;
			compatibilityVersion = "Xcode 8.0";
			developmentRegion = en;
			hasScannedForEncodings = 0;
			knownRegions = (
				en,
				Base,
			);
			mainGroup = 838E5A122003FC0A002098E1;
			productRefGroup = 838E5A1C2003FC0A002098E1 /* Products */;
			projectDirPath = "";
			projectRoot = "";
			targets = (
				838E5A1A2003FC0A002098E1 /* Color Finder */,
			);
		};
/* End PBXProject section */

/* Begin PBXResourcesBuildPhase section */
		838E5A192003FC0A002098E1 /* Resources */ = {
			isa = PBXResourcesBuildPhase;
			buildActionMask = 2147483647;
			files = (
				838E5A292003FC0A002098E1 /* LaunchScreen.storyboard in Resources */,
				838E5A262003FC0A002098E1 /* Assets.xcassets in Resources */,
				838E5A242003FC0A002098E1 /* Main.storyboard in Resources */,
			);
			runOnlyForDeploymentPostprocessing = 0;
		};
/* End PBXResourcesBuildPhase section */

/* Begin PBXShellScriptBuildPhase section */
		4396EAF4576D5B22A2862188 /* [CP] Embed Pods Frameworks */ = {
			isa = PBXShellScriptBuildPhase;
			buildActionMask = 2147483647;
			files = (
			);
			inputPaths = (
				"${SRCROOT}/Pods/Target Support Files/Pods-Color Finder/Pods-Color Finder-frameworks.sh",
				"${BUILT_PRODUCTS_DIR}/BRYXBanner/BRYXBanner.framework",
			);
			name = "[CP] Embed Pods Frameworks";
			outputPaths = (
				"${TARGET_BUILD_DIR}/${FRAMEWORKS_FOLDER_PATH}/BRYXBanner.framework",
			);
			runOnlyForDeploymentPostprocessing = 0;
			shellPath = /bin/sh;
			shellScript = "\"${SRCROOT}/Pods/Target Support Files/Pods-Color Finder/Pods-Color Finder-frameworks.sh\"\n";
			showEnvVarsInLog = 0;
		};
		96A8F1E77EB1769ECB433BC8 /* [CP] Copy Pods Resources */ = {
			isa = PBXShellScriptBuildPhase;
			buildActionMask = 2147483647;
			files = (
			);
			inputPaths = (
			);
			name = "[CP] Copy Pods Resources";
			outputPaths = (
			);
			runOnlyForDeploymentPostprocessing = 0;
			shellPath = /bin/sh;
			shellScript = "\"${SRCROOT}/Pods/Target Support Files/Pods-Color Finder/Pods-Color Finder-resources.sh\"\n";
			showEnvVarsInLog = 0;
		};
		DFB146F357C9B395D206CE14 /* [CP] Check Pods Manifest.lock */ = {
			isa = PBXShellScriptBuildPhase;
			buildActionMask = 2147483647;
			files = (
			);
			inputPaths = (
				"${PODS_PODFILE_DIR_PATH}/Podfile.lock",
				"${PODS_ROOT}/Manifest.lock",
			);
			name = "[CP] Check Pods Manifest.lock";
			outputPaths = (
				"$(DERIVED_FILE_DIR)/Pods-Color Finder-checkManifestLockResult.txt",
			);
			runOnlyForDeploymentPostprocessing = 0;
			shellPath = /bin/sh;
			shellScript = "diff \"${PODS_PODFILE_DIR_PATH}/Podfile.lock\" \"${PODS_ROOT}/Manifest.lock\" > /dev/null\nif [ $? != 0 ] ; then\n    # print error to STDERR\n    echo \"error: The sandbox is not in sync with the Podfile.lock. Run 'pod install' or update your CocoaPods installation.\" >&2\n    exit 1\nfi\n# This output is used by Xcode 'outputs' to avoid re-running this script phase.\necho \"SUCCESS\" > \"${SCRIPT_OUTPUT_FILE_0}\"\n";
			showEnvVarsInLog = 0;
		};
/* End PBXShellScriptBuildPhase section */

/* Begin PBXSourcesBuildPhase section */
		838E5A172003FC0A002098E1 /* Sources */ = {
			isa = PBXSourcesBuildPhase;
			buildActionMask = 2147483647;
			files = (
				830E1740201BAD3D00EC4E65 /* CameraViewController.swift in Sources */,
				83CF0804202BC6DF00E1B21E /* HexColor.swift in Sources */,
				83455DA220128431008BADE2 /* CGFloat+HexValue.swift in Sources */,
				838E5A212003FC0A002098E1 /* ColorFinderViewController.swift in Sources */,
				8363241F2011931F00892F01 /* UIImage+Orientation.swift in Sources */,
				83317741202262CF00BE5310 /* ImagePixelReader.swift in Sources */,
				8344589E2005589900280BE9 /* SettingsTableViewController.swift in Sources */,
				83D7FEB1200531F70086DB22 /* ImageViewController.swift in Sources */,
				8343F613200AC5A7008CC2B1 /* PixelTargetView.swift in Sources */,
				838E5A1F2003FC0A002098E1 /* AppDelegate.swift in Sources */,
				83CF0800202A46EB00E1B21E /* String+Properties.swift in Sources */,
			);
			runOnlyForDeploymentPostprocessing = 0;
		};
/* End PBXSourcesBuildPhase section */

/* Begin PBXVariantGroup section */
		838E5A222003FC0A002098E1 /* Main.storyboard */ = {
			isa = PBXVariantGroup;
			children = (
				838E5A232003FC0A002098E1 /* Base */,
			);
			name = Main.storyboard;
			sourceTree = "<group>";
		};
		838E5A272003FC0A002098E1 /* LaunchScreen.storyboard */ = {
			isa = PBXVariantGroup;
			children = (
				838E5A282003FC0A002098E1 /* Base */,
			);
			name = LaunchScreen.storyboard;
			sourceTree = "<group>";
		};
/* End PBXVariantGroup section */

/* Begin XCBuildConfiguration section */
		838E5A2B2003FC0A002098E1 /* Debug */ = {
			isa = XCBuildConfiguration;
			buildSettings = {
				ALWAYS_SEARCH_USER_PATHS = NO;
				CLANG_ANALYZER_NONNULL = YES;
				CLANG_ANALYZER_NUMBER_OBJECT_CONVERSION = YES_AGGRESSIVE;
				CLANG_CXX_LANGUAGE_STANDARD = "gnu++14";
				CLANG_CXX_LIBRARY = "libc++";
				CLANG_ENABLE_MODULES = YES;
				CLANG_ENABLE_OBJC_ARC = YES;
				CLANG_WARN_BLOCK_CAPTURE_AUTORELEASING = YES;
				CLANG_WARN_BOOL_CONVERSION = YES;
				CLANG_WARN_COMMA = YES;
				CLANG_WARN_CONSTANT_CONVERSION = YES;
				CLANG_WARN_DEPRECATED_OBJC_IMPLEMENTATIONS = YES;
				CLANG_WARN_DIRECT_OBJC_ISA_USAGE = YES_ERROR;
				CLANG_WARN_DOCUMENTATION_COMMENTS = YES;
				CLANG_WARN_EMPTY_BODY = YES;
				CLANG_WARN_ENUM_CONVERSION = YES;
				CLANG_WARN_INFINITE_RECURSION = YES;
				CLANG_WARN_INT_CONVERSION = YES;
				CLANG_WARN_NON_LITERAL_NULL_CONVERSION = YES;
				CLANG_WARN_OBJC_IMPLICIT_RETAIN_SELF = YES;
				CLANG_WARN_OBJC_LITERAL_CONVERSION = YES;
				CLANG_WARN_OBJC_ROOT_CLASS = YES_ERROR;
				CLANG_WARN_RANGE_LOOP_ANALYSIS = YES;
				CLANG_WARN_STRICT_PROTOTYPES = YES;
				CLANG_WARN_SUSPICIOUS_MOVE = YES;
				CLANG_WARN_UNGUARDED_AVAILABILITY = YES_AGGRESSIVE;
				CLANG_WARN_UNREACHABLE_CODE = YES;
				CLANG_WARN__DUPLICATE_METHOD_MATCH = YES;
				CODE_SIGN_IDENTITY = "iPhone Developer";
				COPY_PHASE_STRIP = NO;
				DEBUG_INFORMATION_FORMAT = dwarf;
				ENABLE_STRICT_OBJC_MSGSEND = YES;
				ENABLE_TESTABILITY = YES;
				GCC_C_LANGUAGE_STANDARD = gnu11;
				GCC_DYNAMIC_NO_PIC = NO;
				GCC_NO_COMMON_BLOCKS = YES;
				GCC_OPTIMIZATION_LEVEL = 0;
				GCC_PREPROCESSOR_DEFINITIONS = (
					"DEBUG=1",
					"$(inherited)",
				);
				GCC_WARN_64_TO_32_BIT_CONVERSION = YES;
				GCC_WARN_ABOUT_RETURN_TYPE = YES_ERROR;
				GCC_WARN_UNDECLARED_SELECTOR = YES;
				GCC_WARN_UNINITIALIZED_AUTOS = YES_AGGRESSIVE;
				GCC_WARN_UNUSED_FUNCTION = YES;
				GCC_WARN_UNUSED_VARIABLE = YES;
				IPHONEOS_DEPLOYMENT_TARGET = 10.0;
				MTL_ENABLE_DEBUG_INFO = YES;
				ONLY_ACTIVE_ARCH = YES;
				SDKROOT = iphoneos;
				SWIFT_ACTIVE_COMPILATION_CONDITIONS = DEBUG;
				SWIFT_OPTIMIZATION_LEVEL = "-Onone";
			};
			name = Debug;
		};
		838E5A2C2003FC0A002098E1 /* Release */ = {
			isa = XCBuildConfiguration;
			buildSettings = {
				ALWAYS_SEARCH_USER_PATHS = NO;
				CLANG_ANALYZER_NONNULL = YES;
				CLANG_ANALYZER_NUMBER_OBJECT_CONVERSION = YES_AGGRESSIVE;
				CLANG_CXX_LANGUAGE_STANDARD = "gnu++14";
				CLANG_CXX_LIBRARY = "libc++";
				CLANG_ENABLE_MODULES = YES;
				CLANG_ENABLE_OBJC_ARC = YES;
				CLANG_WARN_BLOCK_CAPTURE_AUTORELEASING = YES;
				CLANG_WARN_BOOL_CONVERSION = YES;
				CLANG_WARN_COMMA = YES;
				CLANG_WARN_CONSTANT_CONVERSION = YES;
				CLANG_WARN_DEPRECATED_OBJC_IMPLEMENTATIONS = YES;
				CLANG_WARN_DIRECT_OBJC_ISA_USAGE = YES_ERROR;
				CLANG_WARN_DOCUMENTATION_COMMENTS = YES;
				CLANG_WARN_EMPTY_BODY = YES;
				CLANG_WARN_ENUM_CONVERSION = YES;
				CLANG_WARN_INFINITE_RECURSION = YES;
				CLANG_WARN_INT_CONVERSION = YES;
				CLANG_WARN_NON_LITERAL_NULL_CONVERSION = YES;
				CLANG_WARN_OBJC_IMPLICIT_RETAIN_SELF = YES;
				CLANG_WARN_OBJC_LITERAL_CONVERSION = YES;
				CLANG_WARN_OBJC_ROOT_CLASS = YES_ERROR;
				CLANG_WARN_RANGE_LOOP_ANALYSIS = YES;
				CLANG_WARN_STRICT_PROTOTYPES = YES;
				CLANG_WARN_SUSPICIOUS_MOVE = YES;
				CLANG_WARN_UNGUARDED_AVAILABILITY = YES_AGGRESSIVE;
				CLANG_WARN_UNREACHABLE_CODE = YES;
				CLANG_WARN__DUPLICATE_METHOD_MATCH = YES;
				CODE_SIGN_IDENTITY = "iPhone Developer";
				COPY_PHASE_STRIP = NO;
				DEBUG_INFORMATION_FORMAT = "dwarf-with-dsym";
				ENABLE_NS_ASSERTIONS = NO;
				ENABLE_STRICT_OBJC_MSGSEND = YES;
				GCC_C_LANGUAGE_STANDARD = gnu11;
				GCC_NO_COMMON_BLOCKS = YES;
				GCC_WARN_64_TO_32_BIT_CONVERSION = YES;
				GCC_WARN_ABOUT_RETURN_TYPE = YES_ERROR;
				GCC_WARN_UNDECLARED_SELECTOR = YES;
				GCC_WARN_UNINITIALIZED_AUTOS = YES_AGGRESSIVE;
				GCC_WARN_UNUSED_FUNCTION = YES;
				GCC_WARN_UNUSED_VARIABLE = YES;
				IPHONEOS_DEPLOYMENT_TARGET = 10.0;
				MTL_ENABLE_DEBUG_INFO = NO;
				SDKROOT = iphoneos;
				SWIFT_OPTIMIZATION_LEVEL = "-Owholemodule";
				VALIDATE_PRODUCT = YES;
			};
			name = Release;
		};
		838E5A2E2003FC0A002098E1 /* Debug */ = {
			isa = XCBuildConfiguration;
			baseConfigurationReference = A9C314F44CC9508CB6D1F82F /* Pods-Color Finder.debug.xcconfig */;
			buildSettings = {
				ASSETCATALOG_COMPILER_APPICON_NAME = AppIcon;
				"CODE_SIGN_IDENTITY[sdk=iphoneos*]" = "iPhone Developer";
				CODE_SIGN_STYLE = Automatic;
				DEVELOPMENT_TEAM = U4DJ6DJJEN;
				INFOPLIST_FILE = "Color Finder/Info.plist";
				IPHONEOS_DEPLOYMENT_TARGET = 10.0;
				LD_RUNPATH_SEARCH_PATHS = "$(inherited) @executable_path/Frameworks";
				PRODUCT_BUNDLE_IDENTIFIER = com.chrisgray.ColorFinder;
				PRODUCT_NAME = "$(TARGET_NAME)";
				PROVISIONING_PROFILE_SPECIFIER = "";
				SWIFT_VERSION = 4.0;
				TARGETED_DEVICE_FAMILY = "1,2";
			};
			name = Debug;
		};
		838E5A2F2003FC0A002098E1 /* Release */ = {
			isa = XCBuildConfiguration;
			baseConfigurationReference = 463C3D5554747C357ACFBD08 /* Pods-Color Finder.release.xcconfig */;
			buildSettings = {
				ASSETCATALOG_COMPILER_APPICON_NAME = AppIcon;
				"CODE_SIGN_IDENTITY[sdk=iphoneos*]" = "iPhone Developer";
				CODE_SIGN_STYLE = Automatic;
				DEVELOPMENT_TEAM = U4DJ6DJJEN;
				INFOPLIST_FILE = "Color Finder/Info.plist";
				IPHONEOS_DEPLOYMENT_TARGET = 10.0;
				LD_RUNPATH_SEARCH_PATHS = "$(inherited) @executable_path/Frameworks";
				PRODUCT_BUNDLE_IDENTIFIER = com.chrisgray.ColorFinder;
				PRODUCT_NAME = "$(TARGET_NAME)";
				PROVISIONING_PROFILE_SPECIFIER = "";
				SWIFT_VERSION = 4.0;
				TARGETED_DEVICE_FAMILY = "1,2";
			};
			name = Release;
		};
/* End XCBuildConfiguration section */

/* Begin XCConfigurationList section */
		838E5A162003FC0A002098E1 /* Build configuration list for PBXProject "Color Finder" */ = {
			isa = XCConfigurationList;
			buildConfigurations = (
				838E5A2B2003FC0A002098E1 /* Debug */,
				838E5A2C2003FC0A002098E1 /* Release */,
			);
			defaultConfigurationIsVisible = 0;
			defaultConfigurationName = Release;
		};
		838E5A2D2003FC0A002098E1 /* Build configuration list for PBXNativeTarget "Color Finder" */ = {
			isa = XCConfigurationList;
			buildConfigurations = (
				838E5A2E2003FC0A002098E1 /* Debug */,
				838E5A2F2003FC0A002098E1 /* Release */,
			);
			defaultConfigurationIsVisible = 0;
			defaultConfigurationName = Release;
		};
/* End XCConfigurationList section */
	};
	rootObject = 838E5A132003FC0A002098E1 /* Project object */;
}
